
Microsoft Visual Studio Solution File, Format Version 12.00
# Visual Studio Version 16
VisualStudioVersion = 16.0.29911.84
MinimumVisualStudioVersion = 10.0.40219.1
Project("{FAE04EC0-301F-11D3-BF4B-00C04F79EFBC}") = "2020-02-29 - Aula 1", "2020-02-29 - Aula 1\2020-02-29 - Aula 1.csproj", "{61C04288-F3D7-4F27-9343-1A5E1E522247}"
EndProject
Project("{FAE04EC0-301F-11D3-BF4B-00C04F79EFBC}") = "2020-03-05 - Aula 2 -  Arrays", "2020-03-05 - Aula 2 -  Arrays\2020-03-05 - Aula 2 -  Arrays.csproj", "{CDAAF2BA-D802-4C94-93FD-B257E4225D26}"
EndProject
Project("{FAE04EC0-301F-11D3-BF4B-00C04F79EFBC}") = "2020-03-13 - Aula 3 - Funções", "2020-03-13 - Aula 3 - Funções\2020-03-13 - Aula 3 - Funções.csproj", "{959DADA2-F635-4411-83DB-4C2B0F6B2F84}"
EndProject
Project("{FAE04EC0-301F-11D3-BF4B-00C04F79EFBC}") = "2020-03-19 - Aula 4 - OOP", "2020-03-19 - Aula 4 - OOP\2020-03-19 - Aula 4 - OOP.csproj", "{2742989A-9E83-450C-B78C-E4B535D6716B}"
EndProject
Project("{FAE04EC0-301F-11D3-BF4B-00C04F79EFBC}") = "2020-03-26 - Aula 5 - Static", "2020-03-26 - Aula 5 - Static\2020-03-26 - Aula 5 - Static.csproj", "{3F84D249-87B6-4259-9613-183308AFDC7E}"
EndProject
Project("{FAE04EC0-301F-11D3-BF4B-00C04F79EFBC}") = "2020-03-27 - Aula 6 - Operadores", "2020-03-27 - Aula 6 - Operadores\2020-03-27 - Aula 6 - Operadores.csproj", "{A4A362E9-FCA2-4BF5-A68D-FB8285D237FE}"
EndProject
Project("{FAE04EC0-301F-11D3-BF4B-00C04F79EFBC}") = "2020-04-03 - Aula 8 - Heranca", "2020-04-03 - Aula 8 - Heranca\2020-04-03 - Aula 8 - Heranca.csproj", "{AA116DE0-15D3-4F26-8E29-E98CB67A2430}"
EndProject
Project("{FAE04EC0-301F-11D3-BF4B-00C04F79EFBC}") = "2020-04-03 - Aula 8 - Heranca II - Library", "2020-04-03 - Aula 8 - Heranca II\2020-04-03 - Aula 8 - Heranca II - Library.csproj", "{2CDF6D71-281F-48E2-81FF-35D3EAF4778B}"
EndProject
Project("{FAE04EC0-301F-11D3-BF4B-00C04F79EFBC}") = "2020-04-02 - Aula 7 - Indexadores", "2020-04-02 - Aula 7 - Indexadores\2020-04-02 - Aula 7 - Indexadores.csproj", "{096F3003-28AE-4CAF-83D3-5444D814A3E5}"
EndProject
Project("{FAE04EC0-301F-11D3-BF4B-00C04F79EFBC}") = "2020-04-03 - Aula 8 - Heranca III", "2020-04-03 - Aula 8 - Heranca III\2020-04-03 - Aula 8 - Heranca III.csproj", "{C7AF65D9-ADE7-44F1-A954-98C8CF44DF23}"
EndProject
Project("{FAE04EC0-301F-11D3-BF4B-00C04F79EFBC}") = "2020-04-16 - Aula 9 - Classes Abstractas", "2020-04-16 - Aula 9 - Classes Abstractas\2020-04-16 - Aula 9 - Classes Abstractas.csproj", "{1BCF0F29-5C75-4CAC-A713-03C1EFFD4DC9}"
EndProject
Project("{FAE04EC0-301F-11D3-BF4B-00C04F79EFBC}") = "2020-04-23 - Aula 10 - InterfacesLib", "2020-04-23 - Aula 10 - InterfacesLib\2020-04-23 - Aula 10 - InterfacesLib.csproj", "{5F255F7A-63C1-4994-BCF9-48ACBF9AFA7C}"
EndProject
Project("{FAE04EC0-301F-11D3-BF4B-00C04F79EFBC}") = "2020-04-23 - Aula 10 - UsaLibs", "2020-04-23 - Aula 10 - UsaLibs\2020-04-23 - Aula 10 - UsaLibs.csproj", "{AD57EBCE-CCBD-4090-B946-449228ACFCE1}"
EndProject
Project("{FAE04EC0-301F-11D3-BF4B-00C04F79EFBC}") = "2020-04-24 - Aula 11 - IOC", "2020-04-24 - Aula 11 - IOC\2020-04-24 - Aula 11 - IOC.csproj", "{2EE79660-593F-4523-8E9D-6D62A12A625E}"
EndProject
Project("{FAE04EC0-301F-11D3-BF4B-00C04F79EFBC}") = "2020-04-23 - Aula 10 - Interfaces", "2020-04-23 - Aula 10 - Interfaces\2020-04-23 - Aula 10 - Interfaces.csproj", "{9BEDBF32-2AD8-454D-A31F-0F26D365AE84}"
EndProject
Project("{FAE04EC0-301F-11D3-BF4B-00C04F79EFBC}") = "2020-04-29 - Aula 12 - Exceptions", "2020-04-29 - Aula 12 - Exceptions\2020-04-29 - Aula 12 - Exceptions.csproj", "{3FC37F32-2D62-4331-82C0-534A9398D509}"
EndProject
Project("{FAE04EC0-301F-11D3-BF4B-00C04F79EFBC}") = "2020-05-07 - Aula 13 - Collectiions", "2020-05-07 - Aula 13 - Collectiions\2020-05-07 - Aula 13 - Collectiions.csproj", "{A2E10035-D27E-4C3A-81B7-C18149BBC211}"
EndProject
Project("{FAE04EC0-301F-11D3-BF4B-00C04F79EFBC}") = "2020-05-08 - Aula 14 - Files", "2020-05-08 - Aula 14 - Files\2020-05-08 - Aula 14 - Files.csproj", "{7A256250-B535-4BC0-B1FD-5456AB6AA812}"
EndProject
Project("{FAE04EC0-301F-11D3-BF4B-00C04F79EFBC}") = "2020-05-08 - Aula 15 - Generics", "2020-05-08 - Aula 15 - Generics\2020-05-08 - Aula 15 - Generics.csproj", "{69BF5437-09CE-4677-B1A7-BE99A9821CF8}"
EndProject
Project("{FAE04EC0-301F-11D3-BF4B-00C04F79EFBC}") = "2020-05-08 - Aula 15 - Generics II", "2020-05-08 - Aula 15 - Generics II\2020-05-08 - Aula 15 - Generics II.csproj", "{C87B94B4-DE3F-4D9B-82CD-FC49354916DA}"
EndProject
Global
	GlobalSection(SolutionConfigurationPlatforms) = preSolution
		Debug|Any CPU = Debug|Any CPU
		Release|Any CPU = Release|Any CPU
	EndGlobalSection
	GlobalSection(ProjectConfigurationPlatforms) = postSolution
		{61C04288-F3D7-4F27-9343-1A5E1E522247}.Debug|Any CPU.ActiveCfg = Debug|Any CPU
		{61C04288-F3D7-4F27-9343-1A5E1E522247}.Debug|Any CPU.Build.0 = Debug|Any CPU
		{61C04288-F3D7-4F27-9343-1A5E1E522247}.Release|Any CPU.ActiveCfg = Release|Any CPU
		{61C04288-F3D7-4F27-9343-1A5E1E522247}.Release|Any CPU.Build.0 = Release|Any CPU
		{CDAAF2BA-D802-4C94-93FD-B257E4225D26}.Debug|Any CPU.ActiveCfg = Debug|Any CPU
		{CDAAF2BA-D802-4C94-93FD-B257E4225D26}.Debug|Any CPU.Build.0 = Debug|Any CPU
		{CDAAF2BA-D802-4C94-93FD-B257E4225D26}.Release|Any CPU.ActiveCfg = Release|Any CPU
		{CDAAF2BA-D802-4C94-93FD-B257E4225D26}.Release|Any CPU.Build.0 = Release|Any CPU
		{959DADA2-F635-4411-83DB-4C2B0F6B2F84}.Debug|Any CPU.ActiveCfg = Debug|Any CPU
		{959DADA2-F635-4411-83DB-4C2B0F6B2F84}.Debug|Any CPU.Build.0 = Debug|Any CPU
		{959DADA2-F635-4411-83DB-4C2B0F6B2F84}.Release|Any CPU.ActiveCfg = Release|Any CPU
		{959DADA2-F635-4411-83DB-4C2B0F6B2F84}.Release|Any CPU.Build.0 = Release|Any CPU
		{2742989A-9E83-450C-B78C-E4B535D6716B}.Debug|Any CPU.ActiveCfg = Debug|Any CPU
		{2742989A-9E83-450C-B78C-E4B535D6716B}.Debug|Any CPU.Build.0 = Debug|Any CPU
		{2742989A-9E83-450C-B78C-E4B535D6716B}.Release|Any CPU.ActiveCfg = Release|Any CPU
		{2742989A-9E83-450C-B78C-E4B535D6716B}.Release|Any CPU.Build.0 = Release|Any CPU
		{3F84D249-87B6-4259-9613-183308AFDC7E}.Debug|Any CPU.ActiveCfg = Debug|Any CPU
		{3F84D249-87B6-4259-9613-183308AFDC7E}.Debug|Any CPU.Build.0 = Debug|Any CPU
		{3F84D249-87B6-4259-9613-183308AFDC7E}.Release|Any CPU.ActiveCfg = Release|Any CPU
		{3F84D249-87B6-4259-9613-183308AFDC7E}.Release|Any CPU.Build.0 = Release|Any CPU
		{A4A362E9-FCA2-4BF5-A68D-FB8285D237FE}.Debug|Any CPU.ActiveCfg = Debug|Any CPU
		{A4A362E9-FCA2-4BF5-A68D-FB8285D237FE}.Debug|Any CPU.Build.0 = Debug|Any CPU
		{A4A362E9-FCA2-4BF5-A68D-FB8285D237FE}.Release|Any CPU.ActiveCfg = Release|Any CPU
		{A4A362E9-FCA2-4BF5-A68D-FB8285D237FE}.Release|Any CPU.Build.0 = Release|Any CPU
		{AA116DE0-15D3-4F26-8E29-E98CB67A2430}.Debug|Any CPU.ActiveCfg = Debug|Any CPU
		{AA116DE0-15D3-4F26-8E29-E98CB67A2430}.Debug|Any CPU.Build.0 = Debug|Any CPU
		{AA116DE0-15D3-4F26-8E29-E98CB67A2430}.Release|Any CPU.ActiveCfg = Release|Any CPU
		{AA116DE0-15D3-4F26-8E29-E98CB67A2430}.Release|Any CPU.Build.0 = Release|Any CPU
		{2CDF6D71-281F-48E2-81FF-35D3EAF4778B}.Debug|Any CPU.ActiveCfg = Debug|Any CPU
		{2CDF6D71-281F-48E2-81FF-35D3EAF4778B}.Debug|Any CPU.Build.0 = Debug|Any CPU
		{2CDF6D71-281F-48E2-81FF-35D3EAF4778B}.Release|Any CPU.ActiveCfg = Release|Any CPU
		{2CDF6D71-281F-48E2-81FF-35D3EAF4778B}.Release|Any CPU.Build.0 = Release|Any CPU
		{096F3003-28AE-4CAF-83D3-5444D814A3E5}.Debug|Any CPU.ActiveCfg = Debug|Any CPU
		{096F3003-28AE-4CAF-83D3-5444D814A3E5}.Debug|Any CPU.Build.0 = Debug|Any CPU
		{096F3003-28AE-4CAF-83D3-5444D814A3E5}.Release|Any CPU.ActiveCfg = Release|Any CPU
		{096F3003-28AE-4CAF-83D3-5444D814A3E5}.Release|Any CPU.Build.0 = Release|Any CPU
		{C7AF65D9-ADE7-44F1-A954-98C8CF44DF23}.Debug|Any CPU.ActiveCfg = Debug|Any CPU
		{C7AF65D9-ADE7-44F1-A954-98C8CF44DF23}.Debug|Any CPU.Build.0 = Debug|Any CPU
		{C7AF65D9-ADE7-44F1-A954-98C8CF44DF23}.Release|Any CPU.ActiveCfg = Release|Any CPU
		{C7AF65D9-ADE7-44F1-A954-98C8CF44DF23}.Release|Any CPU.Build.0 = Release|Any CPU
		{1BCF0F29-5C75-4CAC-A713-03C1EFFD4DC9}.Debug|Any CPU.ActiveCfg = Debug|Any CPU
		{1BCF0F29-5C75-4CAC-A713-03C1EFFD4DC9}.Debug|Any CPU.Build.0 = Debug|Any CPU
		{1BCF0F29-5C75-4CAC-A713-03C1EFFD4DC9}.Release|Any CPU.ActiveCfg = Release|Any CPU
		{1BCF0F29-5C75-4CAC-A713-03C1EFFD4DC9}.Release|Any CPU.Build.0 = Release|Any CPU
		{5F255F7A-63C1-4994-BCF9-48ACBF9AFA7C}.Debug|Any CPU.ActiveCfg = Debug|Any CPU
		{5F255F7A-63C1-4994-BCF9-48ACBF9AFA7C}.Debug|Any CPU.Build.0 = Debug|Any CPU
		{5F255F7A-63C1-4994-BCF9-48ACBF9AFA7C}.Release|Any CPU.ActiveCfg = Release|Any CPU
		{5F255F7A-63C1-4994-BCF9-48ACBF9AFA7C}.Release|Any CPU.Build.0 = Release|Any CPU
		{AD57EBCE-CCBD-4090-B946-449228ACFCE1}.Debug|Any CPU.ActiveCfg = Debug|Any CPU
		{AD57EBCE-CCBD-4090-B946-449228ACFCE1}.Debug|Any CPU.Build.0 = Debug|Any CPU
		{AD57EBCE-CCBD-4090-B946-449228ACFCE1}.Release|Any CPU.ActiveCfg = Release|Any CPU
		{AD57EBCE-CCBD-4090-B946-449228ACFCE1}.Release|Any CPU.Build.0 = Release|Any CPU
		{2EE79660-593F-4523-8E9D-6D62A12A625E}.Debug|Any CPU.ActiveCfg = Debug|Any CPU
		{2EE79660-593F-4523-8E9D-6D62A12A625E}.Debug|Any CPU.Build.0 = Debug|Any CPU
		{2EE79660-593F-4523-8E9D-6D62A12A625E}.Release|Any CPU.ActiveCfg = Release|Any CPU
		{2EE79660-593F-4523-8E9D-6D62A12A625E}.Release|Any CPU.Build.0 = Release|Any CPU
		{9BEDBF32-2AD8-454D-A31F-0F26D365AE84}.Debug|Any CPU.ActiveCfg = Debug|Any CPU
		{9BEDBF32-2AD8-454D-A31F-0F26D365AE84}.Debug|Any CPU.Build.0 = Debug|Any CPU
		{9BEDBF32-2AD8-454D-A31F-0F26D365AE84}.Release|Any CPU.ActiveCfg = Release|Any CPU
		{9BEDBF32-2AD8-454D-A31F-0F26D365AE84}.Release|Any CPU.Build.0 = Release|Any CPU
		{3FC37F32-2D62-4331-82C0-534A9398D509}.Debug|Any CPU.ActiveCfg = Debug|Any CPU
		{3FC37F32-2D62-4331-82C0-534A9398D509}.Debug|Any CPU.Build.0 = Debug|Any CPU
		{3FC37F32-2D62-4331-82C0-534A9398D509}.Release|Any CPU.ActiveCfg = Release|Any CPU
		{3FC37F32-2D62-4331-82C0-534A9398D509}.Release|Any CPU.Build.0 = Release|Any CPU
		{A2E10035-D27E-4C3A-81B7-C18149BBC211}.Debug|Any CPU.ActiveCfg = Debug|Any CPU
		{A2E10035-D27E-4C3A-81B7-C18149BBC211}.Debug|Any CPU.Build.0 = Debug|Any CPU
		{A2E10035-D27E-4C3A-81B7-C18149BBC211}.Release|Any CPU.ActiveCfg = Release|Any CPU
		{A2E10035-D27E-4C3A-81B7-C18149BBC211}.Release|Any CPU.Build.0 = Release|Any CPU
		{7A256250-B535-4BC0-B1FD-5456AB6AA812}.Debug|Any CPU.ActiveCfg = Debug|Any CPU
		{7A256250-B535-4BC0-B1FD-5456AB6AA812}.Debug|Any CPU.Build.0 = Debug|Any CPU
		{7A256250-B535-4BC0-B1FD-5456AB6AA812}.Release|Any CPU.ActiveCfg = Release|Any CPU
		{7A256250-B535-4BC0-B1FD-5456AB6AA812}.Release|Any CPU.Build.0 = Release|Any CPU
		{69BF5437-09CE-4677-B1A7-BE99A9821CF8}.Debug|Any CPU.ActiveCfg = Debug|Any CPU
		{69BF5437-09CE-4677-B1A7-BE99A9821CF8}.Debug|Any CPU.Build.0 = Debug|Any CPU
		{69BF5437-09CE-4677-B1A7-BE99A9821CF8}.Release|Any CPU.ActiveCfg = Release|Any CPU
		{69BF5437-09CE-4677-B1A7-BE99A9821CF8}.Release|Any CPU.Build.0 = Release|Any CPU
		{C87B94B4-DE3F-4D9B-82CD-FC49354916DA}.Debug|Any CPU.ActiveCfg = Debug|Any CPU
		{C87B94B4-DE3F-4D9B-82CD-FC49354916DA}.Debug|Any CPU.Build.0 = Debug|Any CPU
		{C87B94B4-DE3F-4D9B-82CD-FC49354916DA}.Release|Any CPU.ActiveCfg = Release|Any CPU
		{C87B94B4-DE3F-4D9B-82CD-FC49354916DA}.Release|Any CPU.Build.0 = Release|Any CPU
	EndGlobalSection
	GlobalSection(SolutionProperties) = preSolution
		HideSolutionNode = FALSE
	EndGlobalSection
	GlobalSection(ExtensibilityGlobals) = postSolution
		SolutionGuid = {2D3362C1-BC57-422C-A5AE-702CE019CB1A}
	EndGlobalSection
EndGlobal
